
Microsoft Visual Studio Solution File, Format Version 12.00
# Visual Studio Version 16
VisualStudioVersion = 16.0.30907.101
MinimumVisualStudioVersion = 10.0.40219.1
Project("{9A19103F-16F7-4668-BE54-9A1E7A4F7556}") = "Tiraspol", "Tiraspol\Tiraspol.csproj", "{E05B8EED-594C-4738-866E-DE679A4664A8}"
EndProject
Project("{9A19103F-16F7-4668-BE54-9A1E7A4F7556}") = "Example_3", "Example_3\Example_3.csproj", "{D21B33A3-AD90-4D76-9920-CB44A5DA84C4}"
EndProject
Project("{9A19103F-16F7-4668-BE54-9A1E7A4F7556}") = "Example_4", "Example_4\Example_4.csproj", "{5086DCD4-3673-469D-91FC-309085F5C90D}"
EndProject
Project("{FAE04EC0-301F-11D3-BF4B-00C04F79EFBC}") = "Example_5", "Exemple_5\Example_5.csproj", "{ED822F28-74EA-4761-954C-B19280CAC478}"
EndProject
Project("{FAE04EC0-301F-11D3-BF4B-00C04F79EFBC}") = "Example_6", "Example_6\Example_6.csproj", "{9F417183-89E6-4E82-8760-71B0CD9C8D32}"
EndProject
Global
	GlobalSection(SolutionConfigurationPlatforms) = preSolution
		Debug|Any CPU = Debug|Any CPU
		Release|Any CPU = Release|Any CPU
	EndGlobalSection
	GlobalSection(ProjectConfigurationPlatforms) = postSolution
		{E05B8EED-594C-4738-866E-DE679A4664A8}.Debug|Any CPU.ActiveCfg = Debug|Any CPU
		{E05B8EED-594C-4738-866E-DE679A4664A8}.Debug|Any CPU.Build.0 = Debug|Any CPU
		{E05B8EED-594C-4738-866E-DE679A4664A8}.Release|Any CPU.ActiveCfg = Release|Any CPU
		{E05B8EED-594C-4738-866E-DE679A4664A8}.Release|Any CPU.Build.0 = Release|Any CPU
		{D21B33A3-AD90-4D76-9920-CB44A5DA84C4}.Debug|Any CPU.ActiveCfg = Debug|Any CPU
		{D21B33A3-AD90-4D76-9920-CB44A5DA84C4}.Debug|Any CPU.Build.0 = Debug|Any CPU
		{D21B33A3-AD90-4D76-9920-CB44A5DA84C4}.Release|Any CPU.ActiveCfg = Release|Any CPU
		{D21B33A3-AD90-4D76-9920-CB44A5DA84C4}.Release|Any CPU.Build.0 = Release|Any CPU
		{5086DCD4-3673-469D-91FC-309085F5C90D}.Debug|Any CPU.ActiveCfg = Debug|Any CPU
		{5086DCD4-3673-469D-91FC-309085F5C90D}.Debug|Any CPU.Build.0 = Debug|Any CPU
		{5086DCD4-3673-469D-91FC-309085F5C90D}.Release|Any CPU.ActiveCfg = Release|Any CPU
		{5086DCD4-3673-469D-91FC-309085F5C90D}.Release|Any CPU.Build.0 = Release|Any CPU
		{ED822F28-74EA-4761-954C-B19280CAC478}.Debug|Any CPU.ActiveCfg = Debug|Any CPU
		{ED822F28-74EA-4761-954C-B19280CAC478}.Debug|Any CPU.Build.0 = Debug|Any CPU
		{ED822F28-74EA-4761-954C-B19280CAC478}.Release|Any CPU.ActiveCfg = Release|Any CPU
		{ED822F28-74EA-4761-954C-B19280CAC478}.Release|Any CPU.Build.0 = Release|Any CPU
		{9F417183-89E6-4E82-8760-71B0CD9C8D32}.Debug|Any CPU.ActiveCfg = Debug|Any CPU
		{9F417183-89E6-4E82-8760-71B0CD9C8D32}.Debug|Any CPU.Build.0 = Debug|Any CPU
		{9F417183-89E6-4E82-8760-71B0CD9C8D32}.Release|Any CPU.ActiveCfg = Release|Any CPU
		{9F417183-89E6-4E82-8760-71B0CD9C8D32}.Release|Any CPU.Build.0 = Release|Any CPU
	EndGlobalSection
	GlobalSection(SolutionProperties) = preSolution
		HideSolutionNode = FALSE
	EndGlobalSection
	GlobalSection(ExtensibilityGlobals) = postSolution
		SolutionGuid = {1FBB93E8-2F4D-4495-B5CC-9444A7F58B87}
	EndGlobalSection
EndGlobal
